
Microsoft Visual Studio Solution File, Format Version 12.00
# Visual Studio 15
VisualStudioVersion = 15.0.28307.271
MinimumVisualStudioVersion = 10.0.40219.1
Project("{FAE04EC0-301F-11D3-BF4B-00C04F79EFBC}") = "CityInfo.API", "CityInfo.API\CityInfo.API.csproj", "{187C161F-C790-4303-8BC0-B98DE35BA444}"
EndProject
Global
	GlobalSection(SolutionConfigurationPlatforms) = preSolution
		Debug|Any CPU = Debug|Any CPU
		Release|Any CPU = Release|Any CPU
	EndGlobalSection
	GlobalSection(ProjectConfigurationPlatforms) = postSolution
		{187C161F-C790-4303-8BC0-B98DE35BA444}.Debug|Any CPU.ActiveCfg = Debug|Any CPU
		{187C161F-C790-4303-8BC0-B98DE35BA444}.Debug|Any CPU.Build.0 = Debug|Any CPU
		{187C161F-C790-4303-8BC0-B98DE35BA444}.Release|Any CPU.ActiveCfg = Release|Any CPU
		{187C161F-C790-4303-8BC0-B98DE35BA444}.Release|Any CPU.Build.0 = Release|Any CPU
	EndGlobalSection
	GlobalSection(SolutionProperties) = preSolution
		HideSolutionNode = FALSE
	EndGlobalSection
	GlobalSection(ExtensibilityGlobals) = postSolution
		SolutionGuid = {28473769-043D-4FF4-8A63-0E4F000EA90F}
	EndGlobalSection
EndGlobal
